
Microsoft Visual Studio Solution File, Format Version 12.00
# Visual Studio 14
VisualStudioVersion = 14.0.25420.1
MinimumVisualStudioVersion = 10.0.40219.1
Project("{8BB2217D-0F2D-49D1-97BC-3654ED321F3B}") = "Liss.Data", "Liss.Data\Liss.Data.xproj", "{35679D16-FD26-4E82-AB8B-36FDC7B19983}"
EndProject
Project("{8BB2217D-0F2D-49D1-97BC-3654ED321F3B}") = "Liss.Domain", "Liss.Domain\Liss.Domain.xproj", "{9B6BA23C-41A1-4691-B138-6F3AB936302A}"
EndProject
Project("{8BB2217D-0F2D-49D1-97BC-3654ED321F3B}") = "Liss.Web.Api", "Liss.Web.Api\Liss.Web.Api.xproj", "{48EB7F43-337E-44EF-A34A-F5FF16C99780}"
EndProject
Project("{2150E333-8FDC-42A3-9474-1A3956D46DE8}") = "Core", "Core", "{A5794A5B-0FA9-4022-A5A8-FDF1652AB4BC}"
EndProject
Project("{2150E333-8FDC-42A3-9474-1A3956D46DE8}") = "Web", "Web", "{814712D7-6630-4CB7-B918-BC6FA1F31286}"
EndProject
Global
	GlobalSection(SolutionConfigurationPlatforms) = preSolution
		Debug|Any CPU = Debug|Any CPU
		Release|Any CPU = Release|Any CPU
	EndGlobalSection
	GlobalSection(ProjectConfigurationPlatforms) = postSolution
		{35679D16-FD26-4E82-AB8B-36FDC7B19983}.Debug|Any CPU.ActiveCfg = Debug|Any CPU
		{35679D16-FD26-4E82-AB8B-36FDC7B19983}.Debug|Any CPU.Build.0 = Debug|Any CPU
		{35679D16-FD26-4E82-AB8B-36FDC7B19983}.Release|Any CPU.ActiveCfg = Release|Any CPU
		{35679D16-FD26-4E82-AB8B-36FDC7B19983}.Release|Any CPU.Build.0 = Release|Any CPU
		{9B6BA23C-41A1-4691-B138-6F3AB936302A}.Debug|Any CPU.ActiveCfg = Debug|Any CPU
		{9B6BA23C-41A1-4691-B138-6F3AB936302A}.Debug|Any CPU.Build.0 = Debug|Any CPU
		{9B6BA23C-41A1-4691-B138-6F3AB936302A}.Release|Any CPU.ActiveCfg = Release|Any CPU
		{9B6BA23C-41A1-4691-B138-6F3AB936302A}.Release|Any CPU.Build.0 = Release|Any CPU
		{48EB7F43-337E-44EF-A34A-F5FF16C99780}.Debug|Any CPU.ActiveCfg = Debug|Any CPU
		{48EB7F43-337E-44EF-A34A-F5FF16C99780}.Debug|Any CPU.Build.0 = Debug|Any CPU
		{48EB7F43-337E-44EF-A34A-F5FF16C99780}.Release|Any CPU.ActiveCfg = Release|Any CPU
		{48EB7F43-337E-44EF-A34A-F5FF16C99780}.Release|Any CPU.Build.0 = Release|Any CPU
	EndGlobalSection
	GlobalSection(SolutionProperties) = preSolution
		HideSolutionNode = FALSE
	EndGlobalSection
	GlobalSection(NestedProjects) = preSolution
		{35679D16-FD26-4E82-AB8B-36FDC7B19983} = {A5794A5B-0FA9-4022-A5A8-FDF1652AB4BC}
		{9B6BA23C-41A1-4691-B138-6F3AB936302A} = {A5794A5B-0FA9-4022-A5A8-FDF1652AB4BC}
		{48EB7F43-337E-44EF-A34A-F5FF16C99780} = {814712D7-6630-4CB7-B918-BC6FA1F31286}
	EndGlobalSection
EndGlobal
